
Microsoft Visual Studio Solution File, Format Version 12.00
# Visual Studio 15
VisualStudioVersion = 15.0.27130.2003
MinimumVisualStudioVersion = 10.0.40219.1
Project("{FAE04EC0-301F-11D3-BF4B-00C04F79EFBC}") = "NEW.S.2018.Masarnouski.05", "NEW.S.2018.Masarnouski.05\NEW.S.2018.Masarnouski.05.csproj", "{2DFA3104-7AF0-4D22-B5B7-2C7F3E3B5E5C}"
EndProject
Project("{FAE04EC0-301F-11D3-BF4B-00C04F79EFBC}") = "NEW.S.2018.Masarnouski.05.Tests", "NEW.S.2018.Masarnouski.05.Tests\NEW.S.2018.Masarnouski.05.Tests.csproj", "{A0441120-D599-4440-8746-57AED156E219}"
EndProject
Global
	GlobalSection(SolutionConfigurationPlatforms) = preSolution
		Debug|Any CPU = Debug|Any CPU
		Release|Any CPU = Release|Any CPU
	EndGlobalSection
	GlobalSection(ProjectConfigurationPlatforms) = postSolution
		{2DFA3104-7AF0-4D22-B5B7-2C7F3E3B5E5C}.Debug|Any CPU.ActiveCfg = Debug|Any CPU
		{2DFA3104-7AF0-4D22-B5B7-2C7F3E3B5E5C}.Debug|Any CPU.Build.0 = Debug|Any CPU
		{2DFA3104-7AF0-4D22-B5B7-2C7F3E3B5E5C}.Release|Any CPU.ActiveCfg = Release|Any CPU
		{2DFA3104-7AF0-4D22-B5B7-2C7F3E3B5E5C}.Release|Any CPU.Build.0 = Release|Any CPU
		{A0441120-D599-4440-8746-57AED156E219}.Debug|Any CPU.ActiveCfg = Debug|Any CPU
		{A0441120-D599-4440-8746-57AED156E219}.Debug|Any CPU.Build.0 = Debug|Any CPU
		{A0441120-D599-4440-8746-57AED156E219}.Release|Any CPU.ActiveCfg = Release|Any CPU
		{A0441120-D599-4440-8746-57AED156E219}.Release|Any CPU.Build.0 = Release|Any CPU
	EndGlobalSection
	GlobalSection(SolutionProperties) = preSolution
		HideSolutionNode = FALSE
	EndGlobalSection
	GlobalSection(ExtensibilityGlobals) = postSolution
		SolutionGuid = {F9E0615C-0730-41B8-8CFD-9EC3FAADBA26}
	EndGlobalSection
EndGlobal
